{
  "requires": true,
  "lockfileVersion": 1,
  "dependencies": {
    "buffer-from": {
      "version": "1.1.2",
      "resolved": "https://registry.nlark.com/buffer-from/download/buffer-from-1.1.2.tgz?cache=0&sync_timestamp=1627578450949&other_urls=https%3A%2F%2Fregistry.nlark.com%2Fbuffer-from%2Fdownload%2Fbuffer-from-1.1.2.tgz",
      "integrity": "sha1-KxRqb9cugLT1XSVfNe1Zo6mkG9U="
    },
    "commander": {
      "version": "2.20.3",
      "resolved": "https://registry.npmmirror.com/commander/download/commander-2.20.3.tgz",
      "integrity": "sha1-/UhehMA+tIgcIHIrpIA16FMa6zM="
    },
    "htmlclean": {
      "version": "3.0.8",
      "resolved": "https://registry.nlark.com/htmlclean/download/htmlclean-3.0.8.tgz",
      "integrity": "sha1-zqRRz1OZ1AGDhqVxKUifLWMOYrA="
    },
    "marked": {
      "version": "0.7.0",
      "resolved": "https://registry.npmmirror.com/marked/download/marked-0.7.0.tgz",
      "integrity": "sha1-tkIB8FHScbHtwQoE0a6bdLuOXA4="
    },
    "source-map": {
      "version": "0.6.1",
      "resolved": "https://registry.nlark.com/source-map/download/source-map-0.6.1.tgz",
      "integrity": "sha1-dHIq8y6WFOnCh6jQu95IteLxomM="
    },
    "source-map-support": {
      "version": "0.5.20",
      "resolved": "https://registry.nlark.com/source-map-support/download/source-map-support-0.5.20.tgz",
      "integrity": "sha1-EhZgifj15ejFaSazd2Mzkt0stsk=",
      "requires": {
        "buffer-from": "^1.0.0",
        "source-map": "^0.6.0"
      }
    },
    "terser": {
      "version": "4.8.0",
      "resolved": "https://registry.nlark.com/terser/download/terser-4.8.0.tgz?cache=0&sync_timestamp=1632230672116&other_urls=https%3A%2F%2Fregistry.nlark.com%2Fterser%2Fdownload%2Fterser-4.8.0.tgz",
      "integrity": "sha1-YwVjQ9fHC7KfOvZlhlpG/gOg3xc=",
      "requires": {
        "commander": "^2.20.0",
        "source-map": "~0.6.1",
        "source-map-support": "~0.5.12"
      }
    }
  }
}
